
Microsoft Visual Studio Solution File, Format Version 12.00
# Visual Studio 2012
# Ranorex Studio 9.3.0
VisualStudioVersion = 12.0.20827.3
MinimumVisualStudioVersion = 10.0.40219.1
Project("{2150E333-8FDC-42A3-9474-1A3956D46DE8}") = "Solution Items", "Solution Items", "{290475C6-4E14-4B3B-92DD-9D09D8EDDE9A}"
	ProjectSection(SolutionItems) = postProject
		Ranorex = .\Ranorex.rxsettings
	EndProjectSection
EndProject
Project("{FAE04EC0-301F-11D3-BF4B-00C04F79EFBC}") = "PrimeService", "MyTest\PrimeService.csproj", "{2ED2F5ED-8403-4363-AFE8-D5AECA77D3D1}"
EndProject
Global
	GlobalSection(SolutionConfigurationPlatforms) = preSolution
		Debug|x86 = Debug|x86
		Release|x86 = Release|x86
	EndGlobalSection
	GlobalSection(ProjectConfigurationPlatforms) = postSolution
		{2ED2F5ED-8403-4363-AFE8-D5AECA77D3D1}.Debug|x86.Build.0 = Debug|x86
		{2ED2F5ED-8403-4363-AFE8-D5AECA77D3D1}.Debug|x86.ActiveCfg = Debug|x86
		{2ED2F5ED-8403-4363-AFE8-D5AECA77D3D1}.Release|x86.Build.0 = Release|x86
		{2ED2F5ED-8403-4363-AFE8-D5AECA77D3D1}.Release|x86.ActiveCfg = Release|x86
	EndGlobalSection
EndGlobal
